{
  "name": "genie",
  "lockfileVersion": 2,
  "requires": true,
  "packages": {
    "": {
      "dependencies": {
        "ccxt": "^1.76.18"
      }
    },
    "node_modules/ccxt": {
      "version": "1.76.18",
      "resolved": "https://registry.npmjs.org/ccxt/-/ccxt-1.76.18.tgz",
      "integrity": "sha512-ZyjSmO4FRfWBzCyGJbtcsBto2Zcy1J5C2HUBs9MwLjjUZYr75HVEAWfIxgQ7GautyyKi5tGmhMKa/Q3vTkI6/g==",
      "hasInstallScript": true,
      "engines": {
        "node": ">=10.4.0"
      }
    }
  },
  "dependencies": {
    "ccxt": {
      "version": "1.76.18",
      "resolved": "https://registry.npmjs.org/ccxt/-/ccxt-1.76.18.tgz",
      "integrity": "sha512-ZyjSmO4FRfWBzCyGJbtcsBto2Zcy1J5C2HUBs9MwLjjUZYr75HVEAWfIxgQ7GautyyKi5tGmhMKa/Q3vTkI6/g=="
    }
  }
}
